
Microsoft Visual Studio Solution File, Format Version 12.00
# Visual Studio 14
VisualStudioVersion = 14.0.23107.0
MinimumVisualStudioVersion = 10.0.40219.1
Project("{FAE04EC0-301F-11D3-BF4B-00C04F79EFBC}") = "WidgetSender", "WidgetSender\WidgetSender.csproj", "{FE780397-2D60-4A76-A14D-D392D927A8A2}"
EndProject
Project("{FAE04EC0-301F-11D3-BF4B-00C04F79EFBC}") = "WidgetService", "WidgetService\WidgetService.csproj", "{3696D318-2B57-49E3-BBE8-DB2C065314E7}"
EndProject
Global
	GlobalSection(SolutionConfigurationPlatforms) = preSolution
		Debug|Any CPU = Debug|Any CPU
		Release|Any CPU = Release|Any CPU
	EndGlobalSection
	GlobalSection(ProjectConfigurationPlatforms) = postSolution
		{FE780397-2D60-4A76-A14D-D392D927A8A2}.Debug|Any CPU.ActiveCfg = Debug|Any CPU
		{FE780397-2D60-4A76-A14D-D392D927A8A2}.Debug|Any CPU.Build.0 = Debug|Any CPU
		{FE780397-2D60-4A76-A14D-D392D927A8A2}.Release|Any CPU.ActiveCfg = Release|Any CPU
		{FE780397-2D60-4A76-A14D-D392D927A8A2}.Release|Any CPU.Build.0 = Release|Any CPU
		{3696D318-2B57-49E3-BBE8-DB2C065314E7}.Debug|Any CPU.ActiveCfg = Debug|Any CPU
		{3696D318-2B57-49E3-BBE8-DB2C065314E7}.Debug|Any CPU.Build.0 = Debug|Any CPU
		{3696D318-2B57-49E3-BBE8-DB2C065314E7}.Release|Any CPU.ActiveCfg = Release|Any CPU
		{3696D318-2B57-49E3-BBE8-DB2C065314E7}.Release|Any CPU.Build.0 = Release|Any CPU
	EndGlobalSection
	GlobalSection(SolutionProperties) = preSolution
		HideSolutionNode = FALSE
	EndGlobalSection
EndGlobal
